// !$*UTF8*$!
{
	archiveVersion = 1;
	classes = {
	};
	objectVersion = 50;
	objects = {

/* Begin PBXBuildFile section */
		137EBF4721D22A680082A65F /* NetworkRequest.swift in Sources */ = {isa = PBXBuildFile; fileRef = 137EBF4621D22A680082A65F /* NetworkRequest.swift */; };
		137EBF4921D22A770082A65F /* NetworkResponse.swift in Sources */ = {isa = PBXBuildFile; fileRef = 137EBF4821D22A770082A65F /* NetworkResponse.swift */; };
		137EBF4B21D22A9C0082A65F /* APIClient.swift in Sources */ = {isa = PBXBuildFile; fileRef = 137EBF4A21D22A9C0082A65F /* APIClient.swift */; };
		137EBF4E21D22AE30082A65F /* NetworkResult.swift in Sources */ = {isa = PBXBuildFile; fileRef = 137EBF4D21D22AE30082A65F /* NetworkResult.swift */; };
		137EBF5121D22B420082A65F /* NimbusConfigurator.swift in Sources */ = {isa = PBXBuildFile; fileRef = 137EBF5021D22B420082A65F /* NimbusConfigurator.swift */; };
		137EBF5321D22B780082A65F /* NimbusSessionManager.swift in Sources */ = {isa = PBXBuildFile; fileRef = 137EBF5221D22B780082A65F /* NimbusSessionManager.swift */; };
		137EBF5521D22DFC0082A65F /* ViewModel.swift in Sources */ = {isa = PBXBuildFile; fileRef = 137EBF5421D22DFC0082A65F /* ViewModel.swift */; };
		137EBF5721D22FD80082A65F /* Model.swift in Sources */ = {isa = PBXBuildFile; fileRef = 137EBF5621D22FD80082A65F /* Model.swift */; };
		137EBF5A21D231810082A65F /* Extensions.swift in Sources */ = {isa = PBXBuildFile; fileRef = 137EBF5921D231810082A65F /* Extensions.swift */; };
		2DAB1D6F21CE3F4000997D7B /* AppDelegate.swift in Sources */ = {isa = PBXBuildFile; fileRef = 2DAB1D6E21CE3F4000997D7B /* AppDelegate.swift */; };
		2DAB1D7121CE3F4000997D7B /* ViewController.swift in Sources */ = {isa = PBXBuildFile; fileRef = 2DAB1D7021CE3F4000997D7B /* ViewController.swift */; };
		2DAB1D7421CE3F4000997D7B /* Test.storyboard in Resources */ = {isa = PBXBuildFile; fileRef = 2DAB1D7221CE3F4000997D7B /* Test.storyboard */; };
		2DAB1D7621CE3F4100997D7B /* Assets.xcassets in Resources */ = {isa = PBXBuildFile; fileRef = 2DAB1D7521CE3F4100997D7B /* Assets.xcassets */; };
		2DAB1D7921CE3F4100997D7B /* LaunchScreen.storyboard in Resources */ = {isa = PBXBuildFile; fileRef = 2DAB1D7721CE3F4100997D7B /* LaunchScreen.storyboard */; };
		2DAB1D8421CE3F4100997D7B /* NimbusTests.swift in Sources */ = {isa = PBXBuildFile; fileRef = 2DAB1D8321CE3F4100997D7B /* NimbusTests.swift */; };
		2DAB1D8F21CE3F4100997D7B /* NimbusUITests.swift in Sources */ = {isa = PBXBuildFile; fileRef = 2DAB1D8E21CE3F4100997D7B /* NimbusUITests.swift */; };
		2DAB1D9D21CE401C00997D7B /* UrlBuilder.swift in Sources */ = {isa = PBXBuildFile; fileRef = 2DAB1D9C21CE401C00997D7B /* UrlBuilder.swift */; };
		2DAB1D9F21CE406F00997D7B /* EndPointProtocol.swift in Sources */ = {isa = PBXBuildFile; fileRef = 2DAB1D9E21CE406F00997D7B /* EndPointProtocol.swift */; };
		2DAB1DA121CE407F00997D7B /* HttpMethods.swift in Sources */ = {isa = PBXBuildFile; fileRef = 2DAB1DA021CE407F00997D7B /* HttpMethods.swift */; };
		2DAB1DA321CE90D900997D7B /* EndPoints.swift in Sources */ = {isa = PBXBuildFile; fileRef = 2DAB1DA221CE90D900997D7B /* EndPoints.swift */; };
		2DAB1DA721CE916F00997D7B /* AppUrls.swift in Sources */ = {isa = PBXBuildFile; fileRef = 2DAB1DA621CE916F00997D7B /* AppUrls.swift */; };
		2DE2528D225FAE5D0099C5EF /* EndPointBuilder.swift in Sources */ = {isa = PBXBuildFile; fileRef = 2DE2528C225FAE5D0099C5EF /* EndPointBuilder.swift */; };
		2DE25290225FB1560099C5EF /* RequestCancellable.swift in Sources */ = {isa = PBXBuildFile; fileRef = 2DE2528F225FB1560099C5EF /* RequestCancellable.swift */; };
		2DE25292225FB1FA0099C5EF /* HeaderFetchable.swift in Sources */ = {isa = PBXBuildFile; fileRef = 2DE25291225FB1FA0099C5EF /* HeaderFetchable.swift */; };
		2DE25299225FB2150099C5EF /* NetworkKeys.swift in Sources */ = {isa = PBXBuildFile; fileRef = 2DE25294225FB2150099C5EF /* NetworkKeys.swift */; };
		2DE2529A225FB2150099C5EF /* NetworkCallerExtensions.swift in Sources */ = {isa = PBXBuildFile; fileRef = 2DE25295225FB2150099C5EF /* NetworkCallerExtensions.swift */; };
		2DE2529B225FB2150099C5EF /* DataExtension.swift in Sources */ = {isa = PBXBuildFile; fileRef = 2DE25296225FB2150099C5EF /* DataExtension.swift */; };
		2DE2529C225FB2150099C5EF /* NetworkCallerFactory.swift in Sources */ = {isa = PBXBuildFile; fileRef = 2DE25297225FB2150099C5EF /* NetworkCallerFactory.swift */; };
		2DE2529D225FB2150099C5EF /* ViewControllerUtility.swift in Sources */ = {isa = PBXBuildFile; fileRef = 2DE25298225FB2150099C5EF /* ViewControllerUtility.swift */; };
		2DE252A1225FB25C0099C5EF /* SessionChecker.swift in Sources */ = {isa = PBXBuildFile; fileRef = 2DE2529F225FB25C0099C5EF /* SessionChecker.swift */; };
		2DE252A2225FB25C0099C5EF /* Token.swift in Sources */ = {isa = PBXBuildFile; fileRef = 2DE252A0225FB25C0099C5EF /* Token.swift */; };
		2DE252A4225FB2B20099C5EF /* Uploadable.swift in Sources */ = {isa = PBXBuildFile; fileRef = 2DE252A3225FB2B20099C5EF /* Uploadable.swift */; };
		2DE252A7225FB2C50099C5EF /* NetWorkError.swift in Sources */ = {isa = PBXBuildFile; fileRef = 2DE252A5225FB2C50099C5EF /* NetWorkError.swift */; };
		2DE252A8225FB2C50099C5EF /* RequestManager.swift in Sources */ = {isa = PBXBuildFile; fileRef = 2DE252A6225FB2C50099C5EF /* RequestManager.swift */; };
		2DE252AC225FB3090099C5EF /* NetworkAdapter.swift in Sources */ = {isa = PBXBuildFile; fileRef = 2DE252AA225FB3090099C5EF /* NetworkAdapter.swift */; };
		2DE252AD225FB3090099C5EF /* NetworkRetrier.swift in Sources */ = {isa = PBXBuildFile; fileRef = 2DE252AB225FB3090099C5EF /* NetworkRetrier.swift */; };
		2DE252AF225FB4BB0099C5EF /* AppCoordinator.swift in Sources */ = {isa = PBXBuildFile; fileRef = 2DE252AE225FB4BB0099C5EF /* AppCoordinator.swift */; };
		2DE252B3225FB5BB0099C5EF /* StoryBoard.swift in Sources */ = {isa = PBXBuildFile; fileRef = 2DE252B2225FB5BB0099C5EF /* StoryBoard.swift */; };
		C8896FCD5E645D9473A897AD /* Pods_NimbusUITests.framework in Frameworks */ = {isa = PBXBuildFile; fileRef = 3515C49A24A5DA7CA0374434 /* Pods_NimbusUITests.framework */; };
		E06F34D07A9A4AEE24F9364D /* Pods_Nimbus.framework in Frameworks */ = {isa = PBXBuildFile; fileRef = 2B976B3BC6DBD2EB6CA842DA /* Pods_Nimbus.framework */; };
		E4B97E82A9D659EB72FE4509 /* Pods_NimbusTests.framework in Frameworks */ = {isa = PBXBuildFile; fileRef = 0E34732970401CD27A806E99 /* Pods_NimbusTests.framework */; };
/* End PBXBuildFile section */

/* Begin PBXContainerItemProxy section */
		2DAB1D8021CE3F4100997D7B /* PBXContainerItemProxy */ = {
			isa = PBXContainerItemProxy;
			containerPortal = 2DAB1D6321CE3F4000997D7B /* Project object */;
			proxyType = 1;
			remoteGlobalIDString = 2DAB1D6A21CE3F4000997D7B;
			remoteInfo = Nimbus;
		};
		2DAB1D8B21CE3F4100997D7B /* PBXContainerItemProxy */ = {
			isa = PBXContainerItemProxy;
			containerPortal = 2DAB1D6321CE3F4000997D7B /* Project object */;
			proxyType = 1;
			remoteGlobalIDString = 2DAB1D6A21CE3F4000997D7B;
			remoteInfo = Nimbus;
		};
/* End PBXContainerItemProxy section */

/* Begin PBXFileReference section */
		0E34732970401CD27A806E99 /* Pods_NimbusTests.framework */ = {isa = PBXFileReference; explicitFileType = wrapper.framework; includeInIndex = 0; path = Pods_NimbusTests.framework; sourceTree = BUILT_PRODUCTS_DIR; };
		137EBF4621D22A680082A65F /* NetworkRequest.swift */ = {isa = PBXFileReference; lastKnownFileType = sourcecode.swift; path = NetworkRequest.swift; sourceTree = "<group>"; };
		137EBF4821D22A770082A65F /* NetworkResponse.swift */ = {isa = PBXFileReference; lastKnownFileType = sourcecode.swift; path = NetworkResponse.swift; sourceTree = "<group>"; };
		137EBF4A21D22A9C0082A65F /* APIClient.swift */ = {isa = PBXFileReference; lastKnownFileType = sourcecode.swift; path = APIClient.swift; sourceTree = "<group>"; };
		137EBF4D21D22AE30082A65F /* NetworkResult.swift */ = {isa = PBXFileReference; lastKnownFileType = sourcecode.swift; path = NetworkResult.swift; sourceTree = "<group>"; };
		137EBF5021D22B420082A65F /* NimbusConfigurator.swift */ = {isa = PBXFileReference; lastKnownFileType = sourcecode.swift; path = NimbusConfigurator.swift; sourceTree = "<group>"; };
		137EBF5221D22B780082A65F /* NimbusSessionManager.swift */ = {isa = PBXFileReference; lastKnownFileType = sourcecode.swift; path = NimbusSessionManager.swift; sourceTree = "<group>"; };
		137EBF5421D22DFC0082A65F /* ViewModel.swift */ = {isa = PBXFileReference; lastKnownFileType = sourcecode.swift; path = ViewModel.swift; sourceTree = "<group>"; };
		137EBF5621D22FD80082A65F /* Model.swift */ = {isa = PBXFileReference; lastKnownFileType = sourcecode.swift; path = Model.swift; sourceTree = "<group>"; };
		137EBF5921D231810082A65F /* Extensions.swift */ = {isa = PBXFileReference; lastKnownFileType = sourcecode.swift; path = Extensions.swift; sourceTree = "<group>"; };
		2B976B3BC6DBD2EB6CA842DA /* Pods_Nimbus.framework */ = {isa = PBXFileReference; explicitFileType = wrapper.framework; includeInIndex = 0; path = Pods_Nimbus.framework; sourceTree = BUILT_PRODUCTS_DIR; };
		2DAB1D6B21CE3F4000997D7B /* Nimbus.app */ = {isa = PBXFileReference; explicitFileType = wrapper.application; includeInIndex = 0; path = Nimbus.app; sourceTree = BUILT_PRODUCTS_DIR; };
		2DAB1D6E21CE3F4000997D7B /* AppDelegate.swift */ = {isa = PBXFileReference; lastKnownFileType = sourcecode.swift; path = AppDelegate.swift; sourceTree = "<group>"; };
		2DAB1D7021CE3F4000997D7B /* ViewController.swift */ = {isa = PBXFileReference; lastKnownFileType = sourcecode.swift; path = ViewController.swift; sourceTree = "<group>"; };
		2DAB1D7321CE3F4000997D7B /* Base */ = {isa = PBXFileReference; lastKnownFileType = file.storyboard; name = Base; path = Base.lproj/Test.storyboard; sourceTree = "<group>"; };
		2DAB1D7521CE3F4100997D7B /* Assets.xcassets */ = {isa = PBXFileReference; lastKnownFileType = folder.assetcatalog; path = Assets.xcassets; sourceTree = "<group>"; };
		2DAB1D7821CE3F4100997D7B /* Base */ = {isa = PBXFileReference; lastKnownFileType = file.storyboard; name = Base; path = Base.lproj/LaunchScreen.storyboard; sourceTree = "<group>"; };
		2DAB1D7A21CE3F4100997D7B /* Info.plist */ = {isa = PBXFileReference; lastKnownFileType = text.plist.xml; path = Info.plist; sourceTree = "<group>"; };
		2DAB1D7F21CE3F4100997D7B /* NimbusTests.xctest */ = {isa = PBXFileReference; explicitFileType = wrapper.cfbundle; includeInIndex = 0; path = NimbusTests.xctest; sourceTree = BUILT_PRODUCTS_DIR; };
		2DAB1D8321CE3F4100997D7B /* NimbusTests.swift */ = {isa = PBXFileReference; lastKnownFileType = sourcecode.swift; path = NimbusTests.swift; sourceTree = "<group>"; };
		2DAB1D8521CE3F4100997D7B /* Info.plist */ = {isa = PBXFileReference; lastKnownFileType = text.plist.xml; path = Info.plist; sourceTree = "<group>"; };
		2DAB1D8A21CE3F4100997D7B /* NimbusUITests.xctest */ = {isa = PBXFileReference; explicitFileType = wrapper.cfbundle; includeInIndex = 0; path = NimbusUITests.xctest; sourceTree = BUILT_PRODUCTS_DIR; };
		2DAB1D8E21CE3F4100997D7B /* NimbusUITests.swift */ = {isa = PBXFileReference; lastKnownFileType = sourcecode.swift; path = NimbusUITests.swift; sourceTree = "<group>"; };
		2DAB1D9021CE3F4100997D7B /* Info.plist */ = {isa = PBXFileReference; lastKnownFileType = text.plist.xml; path = Info.plist; sourceTree = "<group>"; };
		2DAB1D9C21CE401C00997D7B /* UrlBuilder.swift */ = {isa = PBXFileReference; fileEncoding = 4; lastKnownFileType = sourcecode.swift; path = UrlBuilder.swift; sourceTree = "<group>"; };
		2DAB1D9E21CE406F00997D7B /* EndPointProtocol.swift */ = {isa = PBXFileReference; lastKnownFileType = sourcecode.swift; path = EndPointProtocol.swift; sourceTree = "<group>"; };
		2DAB1DA021CE407F00997D7B /* HttpMethods.swift */ = {isa = PBXFileReference; lastKnownFileType = sourcecode.swift; path = HttpMethods.swift; sourceTree = "<group>"; };
		2DAB1DA221CE90D900997D7B /* EndPoints.swift */ = {isa = PBXFileReference; lastKnownFileType = sourcecode.swift; path = EndPoints.swift; sourceTree = "<group>"; };
		2DAB1DA621CE916F00997D7B /* AppUrls.swift */ = {isa = PBXFileReference; lastKnownFileType = sourcecode.swift; path = AppUrls.swift; sourceTree = "<group>"; };
		2DAB1DA821CE930100997D7B /* test.playground */ = {isa = PBXFileReference; lastKnownFileType = file.playground; path = test.playground; sourceTree = "<group>"; xcLanguageSpecificationIdentifier = xcode.lang.swift; };
		2DE2528C225FAE5D0099C5EF /* EndPointBuilder.swift */ = {isa = PBXFileReference; fileEncoding = 4; lastKnownFileType = sourcecode.swift; path = EndPointBuilder.swift; sourceTree = "<group>"; };
		2DE2528F225FB1560099C5EF /* RequestCancellable.swift */ = {isa = PBXFileReference; fileEncoding = 4; lastKnownFileType = sourcecode.swift; path = RequestCancellable.swift; sourceTree = "<group>"; };
		2DE25291225FB1FA0099C5EF /* HeaderFetchable.swift */ = {isa = PBXFileReference; fileEncoding = 4; lastKnownFileType = sourcecode.swift; path = HeaderFetchable.swift; sourceTree = "<group>"; };
		2DE25294225FB2150099C5EF /* NetworkKeys.swift */ = {isa = PBXFileReference; fileEncoding = 4; lastKnownFileType = sourcecode.swift; path = NetworkKeys.swift; sourceTree = "<group>"; };
		2DE25295225FB2150099C5EF /* NetworkCallerExtensions.swift */ = {isa = PBXFileReference; fileEncoding = 4; lastKnownFileType = sourcecode.swift; path = NetworkCallerExtensions.swift; sourceTree = "<group>"; };
		2DE25296225FB2150099C5EF /* DataExtension.swift */ = {isa = PBXFileReference; fileEncoding = 4; lastKnownFileType = sourcecode.swift; path = DataExtension.swift; sourceTree = "<group>"; };
		2DE25297225FB2150099C5EF /* NetworkCallerFactory.swift */ = {isa = PBXFileReference; fileEncoding = 4; lastKnownFileType = sourcecode.swift; path = NetworkCallerFactory.swift; sourceTree = "<group>"; };
		2DE25298225FB2150099C5EF /* ViewControllerUtility.swift */ = {isa = PBXFileReference; fileEncoding = 4; lastKnownFileType = sourcecode.swift; path = ViewControllerUtility.swift; sourceTree = "<group>"; };
		2DE2529F225FB25C0099C5EF /* SessionChecker.swift */ = {isa = PBXFileReference; fileEncoding = 4; lastKnownFileType = sourcecode.swift; path = SessionChecker.swift; sourceTree = "<group>"; };
		2DE252A0225FB25C0099C5EF /* Token.swift */ = {isa = PBXFileReference; fileEncoding = 4; lastKnownFileType = sourcecode.swift; path = Token.swift; sourceTree = "<group>"; };
		2DE252A3225FB2B20099C5EF /* Uploadable.swift */ = {isa = PBXFileReference; fileEncoding = 4; lastKnownFileType = sourcecode.swift; path = Uploadable.swift; sourceTree = "<group>"; };
		2DE252A5225FB2C50099C5EF /* NetWorkError.swift */ = {isa = PBXFileReference; fileEncoding = 4; lastKnownFileType = sourcecode.swift; path = NetWorkError.swift; sourceTree = "<group>"; };
		2DE252A6225FB2C50099C5EF /* RequestManager.swift */ = {isa = PBXFileReference; fileEncoding = 4; lastKnownFileType = sourcecode.swift; path = RequestManager.swift; sourceTree = "<group>"; };
		2DE252AA225FB3090099C5EF /* NetworkAdapter.swift */ = {isa = PBXFileReference; fileEncoding = 4; lastKnownFileType = sourcecode.swift; path = NetworkAdapter.swift; sourceTree = "<group>"; };
		2DE252AB225FB3090099C5EF /* NetworkRetrier.swift */ = {isa = PBXFileReference; fileEncoding = 4; lastKnownFileType = sourcecode.swift; path = NetworkRetrier.swift; sourceTree = "<group>"; };
		2DE252AE225FB4BB0099C5EF /* AppCoordinator.swift */ = {isa = PBXFileReference; lastKnownFileType = sourcecode.swift; path = AppCoordinator.swift; sourceTree = "<group>"; };
		2DE252B2225FB5BB0099C5EF /* StoryBoard.swift */ = {isa = PBXFileReference; lastKnownFileType = sourcecode.swift; path = StoryBoard.swift; sourceTree = "<group>"; };
		3515C49A24A5DA7CA0374434 /* Pods_NimbusUITests.framework */ = {isa = PBXFileReference; explicitFileType = wrapper.framework; includeInIndex = 0; path = Pods_NimbusUITests.framework; sourceTree = BUILT_PRODUCTS_DIR; };
		46A363B0A70C992657AE3DFB /* Pods-NimbusTests.release.xcconfig */ = {isa = PBXFileReference; includeInIndex = 1; lastKnownFileType = text.xcconfig; name = "Pods-NimbusTests.release.xcconfig"; path = "Pods/Target Support Files/Pods-NimbusTests/Pods-NimbusTests.release.xcconfig"; sourceTree = "<group>"; };
		543C0E38CFA2E0636616B0B8 /* Pods-Nimbus.debug.xcconfig */ = {isa = PBXFileReference; includeInIndex = 1; lastKnownFileType = text.xcconfig; name = "Pods-Nimbus.debug.xcconfig"; path = "Pods/Target Support Files/Pods-Nimbus/Pods-Nimbus.debug.xcconfig"; sourceTree = "<group>"; };
		697E22BBD8B3772C95937FB3 /* Pods-Nimbus.release.xcconfig */ = {isa = PBXFileReference; includeInIndex = 1; lastKnownFileType = text.xcconfig; name = "Pods-Nimbus.release.xcconfig"; path = "Pods/Target Support Files/Pods-Nimbus/Pods-Nimbus.release.xcconfig"; sourceTree = "<group>"; };
		6ECEC466B689C29BD1CFB6B8 /* Pods-NimbusTests.debug.xcconfig */ = {isa = PBXFileReference; includeInIndex = 1; lastKnownFileType = text.xcconfig; name = "Pods-NimbusTests.debug.xcconfig"; path = "Pods/Target Support Files/Pods-NimbusTests/Pods-NimbusTests.debug.xcconfig"; sourceTree = "<group>"; };
		7F550AB0ED10F660D9B41F9D /* Pods-NimbusUITests.debug.xcconfig */ = {isa = PBXFileReference; includeInIndex = 1; lastKnownFileType = text.xcconfig; name = "Pods-NimbusUITests.debug.xcconfig"; path = "Pods/Target Support Files/Pods-NimbusUITests/Pods-NimbusUITests.debug.xcconfig"; sourceTree = "<group>"; };
		E4ED348B9C3E1F678604F841 /* Pods-NimbusUITests.release.xcconfig */ = {isa = PBXFileReference; includeInIndex = 1; lastKnownFileType = text.xcconfig; name = "Pods-NimbusUITests.release.xcconfig"; path = "Pods/Target Support Files/Pods-NimbusUITests/Pods-NimbusUITests.release.xcconfig"; sourceTree = "<group>"; };
/* End PBXFileReference section */

/* Begin PBXFrameworksBuildPhase section */
		2DAB1D6821CE3F4000997D7B /* Frameworks */ = {
			isa = PBXFrameworksBuildPhase;
			buildActionMask = 2147483647;
			files = (
				E06F34D07A9A4AEE24F9364D /* Pods_Nimbus.framework in Frameworks */,
			);
			runOnlyForDeploymentPostprocessing = 0;
		};
		2DAB1D7C21CE3F4100997D7B /* Frameworks */ = {
			isa = PBXFrameworksBuildPhase;
			buildActionMask = 2147483647;
			files = (
				E4B97E82A9D659EB72FE4509 /* Pods_NimbusTests.framework in Frameworks */,
			);
			runOnlyForDeploymentPostprocessing = 0;
		};
		2DAB1D8721CE3F4100997D7B /* Frameworks */ = {
			isa = PBXFrameworksBuildPhase;
			buildActionMask = 2147483647;
			files = (
				C8896FCD5E645D9473A897AD /* Pods_NimbusUITests.framework in Frameworks */,
			);
			runOnlyForDeploymentPostprocessing = 0;
		};
/* End PBXFrameworksBuildPhase section */

/* Begin PBXGroup section */
		137EBF4521D22A420082A65F /* Protocols */ = {
			isa = PBXGroup;
			children = (
				2DE252A3225FB2B20099C5EF /* Uploadable.swift */,
				2DE25291225FB1FA0099C5EF /* HeaderFetchable.swift */,
				137EBF4621D22A680082A65F /* NetworkRequest.swift */,
				137EBF4821D22A770082A65F /* NetworkResponse.swift */,
				2DE2528F225FB1560099C5EF /* RequestCancellable.swift */,
				137EBF4A21D22A9C0082A65F /* APIClient.swift */,
			);
			path = Protocols;
			sourceTree = "<group>";
		};
		137EBF4C21D22AB40082A65F /* Models */ = {
			isa = PBXGroup;
			children = (
				137EBF4D21D22AE30082A65F /* NetworkResult.swift */,
			);
			path = Models;
			sourceTree = "<group>";
		};
		137EBF4F21D22B260082A65F /* Managers */ = {
			isa = PBXGroup;
			children = (
				2DE252A5225FB2C50099C5EF /* NetWorkError.swift */,
				2DE252A6225FB2C50099C5EF /* RequestManager.swift */,
				137EBF5021D22B420082A65F /* NimbusConfigurator.swift */,
				137EBF5221D22B780082A65F /* NimbusSessionManager.swift */,
			);
			path = Managers;
			sourceTree = "<group>";
		};
		137EBF5821D230100082A65F /* Module */ = {
			isa = PBXGroup;
			children = (
				137EBF5B21D238200082A65F /* Models */,
				137EBF5D21D2382D0082A65F /* ViewController */,
				137EBF5C21D238270082A65F /* ViewModel */,
			);
			path = Module;
			sourceTree = "<group>";
		};
		137EBF5B21D238200082A65F /* Models */ = {
			isa = PBXGroup;
			children = (
				137EBF5621D22FD80082A65F /* Model.swift */,
			);
			path = Models;
			sourceTree = "<group>";
		};
		137EBF5C21D238270082A65F /* ViewModel */ = {
			isa = PBXGroup;
			children = (
				137EBF5421D22DFC0082A65F /* ViewModel.swift */,
			);
			path = ViewModel;
			sourceTree = "<group>";
		};
		137EBF5D21D2382D0082A65F /* ViewController */ = {
			isa = PBXGroup;
			children = (
				2DAB1D7021CE3F4000997D7B /* ViewController.swift */,
			);
			path = ViewController;
			sourceTree = "<group>";
		};
		230E693079959DFB29B212A2 /* Pods */ = {
			isa = PBXGroup;
			children = (
				543C0E38CFA2E0636616B0B8 /* Pods-Nimbus.debug.xcconfig */,
				697E22BBD8B3772C95937FB3 /* Pods-Nimbus.release.xcconfig */,
				6ECEC466B689C29BD1CFB6B8 /* Pods-NimbusTests.debug.xcconfig */,
				46A363B0A70C992657AE3DFB /* Pods-NimbusTests.release.xcconfig */,
				7F550AB0ED10F660D9B41F9D /* Pods-NimbusUITests.debug.xcconfig */,
				E4ED348B9C3E1F678604F841 /* Pods-NimbusUITests.release.xcconfig */,
			);
			name = Pods;
			sourceTree = "<group>";
		};
		2DAB1D6221CE3F4000997D7B = {
			isa = PBXGroup;
			children = (
				2DAB1DA821CE930100997D7B /* test.playground */,
				2DAB1D6D21CE3F4000997D7B /* Nimbus */,
				2DAB1D8221CE3F4100997D7B /* NimbusTests */,
				2DAB1D8D21CE3F4100997D7B /* NimbusUITests */,
				2DAB1D6C21CE3F4000997D7B /* Products */,
				230E693079959DFB29B212A2 /* Pods */,
				A303DE18D4A729770DB34255 /* Frameworks */,
			);
			sourceTree = "<group>";
		};
		2DAB1D6C21CE3F4000997D7B /* Products */ = {
			isa = PBXGroup;
			children = (
				2DAB1D6B21CE3F4000997D7B /* Nimbus.app */,
				2DAB1D7F21CE3F4100997D7B /* NimbusTests.xctest */,
				2DAB1D8A21CE3F4100997D7B /* NimbusUITests.xctest */,
			);
			name = Products;
			sourceTree = "<group>";
		};
		2DAB1D6D21CE3F4000997D7B /* Nimbus */ = {
			isa = PBXGroup;
			children = (
				2DE252B0225FB57A0099C5EF /* AppDelegate */,
				2DE2528B225FAC790099C5EF /* TestModule */,
				2DAB1DA421CE912C00997D7B /* Nimbus */,
				2DAB1D7521CE3F4100997D7B /* Assets.xcassets */,
				2DAB1D7721CE3F4100997D7B /* LaunchScreen.storyboard */,
				2DAB1D7A21CE3F4100997D7B /* Info.plist */,
				2DE252B1225FB5930099C5EF /* Utility */,
			);
			path = Nimbus;
			sourceTree = "<group>";
		};
		2DAB1D8221CE3F4100997D7B /* NimbusTests */ = {
			isa = PBXGroup;
			children = (
				2DAB1D8321CE3F4100997D7B /* NimbusTests.swift */,
				2DAB1D8521CE3F4100997D7B /* Info.plist */,
			);
			path = NimbusTests;
			sourceTree = "<group>";
		};
		2DAB1D8D21CE3F4100997D7B /* NimbusUITests */ = {
			isa = PBXGroup;
			children = (
				2DAB1D8E21CE3F4100997D7B /* NimbusUITests.swift */,
				2DAB1D9021CE3F4100997D7B /* Info.plist */,
			);
			path = NimbusUITests;
			sourceTree = "<group>";
		};
		2DAB1DA421CE912C00997D7B /* Nimbus */ = {
			isa = PBXGroup;
			children = (
				2DE252A9225FB3090099C5EF /* Adapter Retrier */,
				2DE2529E225FB25C0099C5EF /* Session checker */,
				2DE25293225FB2150099C5EF /* Helpers */,
				137EBF4F21D22B260082A65F /* Managers */,
				137EBF4C21D22AB40082A65F /* Models */,
				137EBF4521D22A420082A65F /* Protocols */,
				2DAB1DA521CE914000997D7B /* EndPoint */,
			);
			path = Nimbus;
			sourceTree = "<group>";
		};
		2DAB1DA521CE914000997D7B /* EndPoint */ = {
			isa = PBXGroup;
			children = (
				2DE2528C225FAE5D0099C5EF /* EndPointBuilder.swift */,
				2DAB1D9C21CE401C00997D7B /* UrlBuilder.swift */,
				2DAB1D9E21CE406F00997D7B /* EndPointProtocol.swift */,
				2DAB1DA021CE407F00997D7B /* HttpMethods.swift */,
			);
			path = EndPoint;
			sourceTree = "<group>";
		};
		2DE2528B225FAC790099C5EF /* TestModule */ = {
			isa = PBXGroup;
			children = (
				2DAB1D7221CE3F4000997D7B /* Test.storyboard */,
				2DE2528E225FAEBD0099C5EF /* EndPoints */,
				137EBF5821D230100082A65F /* Module */,
			);
			path = TestModule;
			sourceTree = "<group>";
		};
		2DE2528E225FAEBD0099C5EF /* EndPoints */ = {
			isa = PBXGroup;
			children = (
				2DAB1DA221CE90D900997D7B /* EndPoints.swift */,
			);
			path = EndPoints;
			sourceTree = "<group>";
		};
		2DE25293225FB2150099C5EF /* Helpers */ = {
			isa = PBXGroup;
			children = (
				2DE25294225FB2150099C5EF /* NetworkKeys.swift */,
				2DE25295225FB2150099C5EF /* NetworkCallerExtensions.swift */,
				2DE25296225FB2150099C5EF /* DataExtension.swift */,
				2DE25297225FB2150099C5EF /* NetworkCallerFactory.swift */,
				2DE25298225FB2150099C5EF /* ViewControllerUtility.swift */,
			);
			path = Helpers;
			sourceTree = "<group>";
		};
		2DE2529E225FB25C0099C5EF /* Session checker */ = {
			isa = PBXGroup;
			children = (
				2DE2529F225FB25C0099C5EF /* SessionChecker.swift */,
				2DE252A0225FB25C0099C5EF /* Token.swift */,
			);
			path = "Session checker";
			sourceTree = "<group>";
		};
		2DE252A9225FB3090099C5EF /* Adapter Retrier */ = {
			isa = PBXGroup;
			children = (
				2DE252AA225FB3090099C5EF /* NetworkAdapter.swift */,
				2DE252AB225FB3090099C5EF /* NetworkRetrier.swift */,
			);
			path = "Adapter Retrier";
			sourceTree = "<group>";
		};
		2DE252B0225FB57A0099C5EF /* AppDelegate */ = {
			isa = PBXGroup;
			children = (
				2DAB1DA621CE916F00997D7B /* AppUrls.swift */,
				2DAB1D6E21CE3F4000997D7B /* AppDelegate.swift */,
				2DE252AE225FB4BB0099C5EF /* AppCoordinator.swift */,
			);
			path = AppDelegate;
			sourceTree = "<group>";
		};
		2DE252B1225FB5930099C5EF /* Utility */ = {
			isa = PBXGroup;
			children = (
				137EBF5921D231810082A65F /* Extensions.swift */,
				2DE252B2225FB5BB0099C5EF /* StoryBoard.swift */,
			);
			path = Utility;
			sourceTree = "<group>";
		};
		A303DE18D4A729770DB34255 /* Frameworks */ = {
			isa = PBXGroup;
			children = (
				2B976B3BC6DBD2EB6CA842DA /* Pods_Nimbus.framework */,
				0E34732970401CD27A806E99 /* Pods_NimbusTests.framework */,
				3515C49A24A5DA7CA0374434 /* Pods_NimbusUITests.framework */,
			);
			name = Frameworks;
			sourceTree = "<group>";
		};
/* End PBXGroup section */

/* Begin PBXNativeTarget section */
		2DAB1D6A21CE3F4000997D7B /* Nimbus */ = {
			isa = PBXNativeTarget;
			buildConfigurationList = 2DAB1D9321CE3F4100997D7B /* Build configuration list for PBXNativeTarget "Nimbus" */;
			buildPhases = (
				B06EDB07F287D995CDB1835D /* [CP] Check Pods Manifest.lock */,
				2DAB1D6721CE3F4000997D7B /* Sources */,
				2DAB1D6821CE3F4000997D7B /* Frameworks */,
				2DAB1D6921CE3F4000997D7B /* Resources */,
				FAE74F18A89B4867FB656563 /* [CP] Embed Pods Frameworks */,
			);
			buildRules = (
			);
			dependencies = (
			);
			name = Nimbus;
			productName = Nimbus;
			productReference = 2DAB1D6B21CE3F4000997D7B /* Nimbus.app */;
			productType = "com.apple.product-type.application";
		};
		2DAB1D7E21CE3F4100997D7B /* NimbusTests */ = {
			isa = PBXNativeTarget;
			buildConfigurationList = 2DAB1D9621CE3F4100997D7B /* Build configuration list for PBXNativeTarget "NimbusTests" */;
			buildPhases = (
				EDD4482DD55591E0F9BEC80A /* [CP] Check Pods Manifest.lock */,
				2DAB1D7B21CE3F4100997D7B /* Sources */,
				2DAB1D7C21CE3F4100997D7B /* Frameworks */,
				2DAB1D7D21CE3F4100997D7B /* Resources */,
			);
			buildRules = (
			);
			dependencies = (
				2DAB1D8121CE3F4100997D7B /* PBXTargetDependency */,
			);
			name = NimbusTests;
			productName = NimbusTests;
			productReference = 2DAB1D7F21CE3F4100997D7B /* NimbusTests.xctest */;
			productType = "com.apple.product-type.bundle.unit-test";
		};
		2DAB1D8921CE3F4100997D7B /* NimbusUITests */ = {
			isa = PBXNativeTarget;
			buildConfigurationList = 2DAB1D9921CE3F4100997D7B /* Build configuration list for PBXNativeTarget "NimbusUITests" */;
			buildPhases = (
				983473AC553BABA26880A893 /* [CP] Check Pods Manifest.lock */,
				2DAB1D8621CE3F4100997D7B /* Sources */,
				2DAB1D8721CE3F4100997D7B /* Frameworks */,
				2DAB1D8821CE3F4100997D7B /* Resources */,
			);
			buildRules = (
			);
			dependencies = (
				2DAB1D8C21CE3F4100997D7B /* PBXTargetDependency */,
			);
			name = NimbusUITests;
			productName = NimbusUITests;
			productReference = 2DAB1D8A21CE3F4100997D7B /* NimbusUITests.xctest */;
			productType = "com.apple.product-type.bundle.ui-testing";
		};
/* End PBXNativeTarget section */

/* Begin PBXProject section */
		2DAB1D6321CE3F4000997D7B /* Project object */ = {
			isa = PBXProject;
			attributes = {
				LastSwiftUpdateCheck = 1010;
				LastUpgradeCheck = 1010;
				ORGANIZATIONNAME = "Nutan Niraula";
				TargetAttributes = {
					2DAB1D6A21CE3F4000997D7B = {
						CreatedOnToolsVersion = 10.1;
					};
					2DAB1D7E21CE3F4100997D7B = {
						CreatedOnToolsVersion = 10.1;
						TestTargetID = 2DAB1D6A21CE3F4000997D7B;
					};
					2DAB1D8921CE3F4100997D7B = {
						CreatedOnToolsVersion = 10.1;
						TestTargetID = 2DAB1D6A21CE3F4000997D7B;
					};
				};
			};
			buildConfigurationList = 2DAB1D6621CE3F4000997D7B /* Build configuration list for PBXProject "Nimbus" */;
			compatibilityVersion = "Xcode 9.3";
			developmentRegion = en;
			hasScannedForEncodings = 0;
			knownRegions = (
				en,
				Base,
			);
			mainGroup = 2DAB1D6221CE3F4000997D7B;
			productRefGroup = 2DAB1D6C21CE3F4000997D7B /* Products */;
			projectDirPath = "";
			projectRoot = "";
			targets = (
				2DAB1D6A21CE3F4000997D7B /* Nimbus */,
				2DAB1D7E21CE3F4100997D7B /* NimbusTests */,
				2DAB1D8921CE3F4100997D7B /* NimbusUITests */,
			);
		};
/* End PBXProject section */

/* Begin PBXResourcesBuildPhase section */
		2DAB1D6921CE3F4000997D7B /* Resources */ = {
			isa = PBXResourcesBuildPhase;
			buildActionMask = 2147483647;
			files = (
				2DAB1D7921CE3F4100997D7B /* LaunchScreen.storyboard in Resources */,
				2DAB1D7621CE3F4100997D7B /* Assets.xcassets in Resources */,
				2DAB1D7421CE3F4000997D7B /* Test.storyboard in Resources */,
			);
			runOnlyForDeploymentPostprocessing = 0;
		};
		2DAB1D7D21CE3F4100997D7B /* Resources */ = {
			isa = PBXResourcesBuildPhase;
			buildActionMask = 2147483647;
			files = (
			);
			runOnlyForDeploymentPostprocessing = 0;
		};
		2DAB1D8821CE3F4100997D7B /* Resources */ = {
			isa = PBXResourcesBuildPhase;
			buildActionMask = 2147483647;
			files = (
			);
			runOnlyForDeploymentPostprocessing = 0;
		};
/* End PBXResourcesBuildPhase section */

/* Begin PBXShellScriptBuildPhase section */
		983473AC553BABA26880A893 /* [CP] Check Pods Manifest.lock */ = {
			isa = PBXShellScriptBuildPhase;
			buildActionMask = 2147483647;
			files = (
			);
			inputPaths = (
				"${PODS_PODFILE_DIR_PATH}/Podfile.lock",
				"${PODS_ROOT}/Manifest.lock",
			);
			name = "[CP] Check Pods Manifest.lock";
			outputPaths = (
				"$(DERIVED_FILE_DIR)/Pods-NimbusUITests-checkManifestLockResult.txt",
			);
			runOnlyForDeploymentPostprocessing = 0;
			shellPath = /bin/sh;
			shellScript = "diff \"${PODS_PODFILE_DIR_PATH}/Podfile.lock\" \"${PODS_ROOT}/Manifest.lock\" > /dev/null\nif [ $? != 0 ] ; then\n    # print error to STDERR\n    echo \"error: The sandbox is not in sync with the Podfile.lock. Run 'pod install' or update your CocoaPods installation.\" >&2\n    exit 1\nfi\n# This output is used by Xcode 'outputs' to avoid re-running this script phase.\necho \"SUCCESS\" > \"${SCRIPT_OUTPUT_FILE_0}\"\n";
			showEnvVarsInLog = 0;
		};
		B06EDB07F287D995CDB1835D /* [CP] Check Pods Manifest.lock */ = {
			isa = PBXShellScriptBuildPhase;
			buildActionMask = 2147483647;
			files = (
			);
			inputPaths = (
				"${PODS_PODFILE_DIR_PATH}/Podfile.lock",
				"${PODS_ROOT}/Manifest.lock",
			);
			name = "[CP] Check Pods Manifest.lock";
			outputPaths = (
				"$(DERIVED_FILE_DIR)/Pods-Nimbus-checkManifestLockResult.txt",
			);
			runOnlyForDeploymentPostprocessing = 0;
			shellPath = /bin/sh;
			shellScript = "diff \"${PODS_PODFILE_DIR_PATH}/Podfile.lock\" \"${PODS_ROOT}/Manifest.lock\" > /dev/null\nif [ $? != 0 ] ; then\n    # print error to STDERR\n    echo \"error: The sandbox is not in sync with the Podfile.lock. Run 'pod install' or update your CocoaPods installation.\" >&2\n    exit 1\nfi\n# This output is used by Xcode 'outputs' to avoid re-running this script phase.\necho \"SUCCESS\" > \"${SCRIPT_OUTPUT_FILE_0}\"\n";
			showEnvVarsInLog = 0;
		};
		EDD4482DD55591E0F9BEC80A /* [CP] Check Pods Manifest.lock */ = {
			isa = PBXShellScriptBuildPhase;
			buildActionMask = 2147483647;
			files = (
			);
			inputPaths = (
				"${PODS_PODFILE_DIR_PATH}/Podfile.lock",
				"${PODS_ROOT}/Manifest.lock",
			);
			name = "[CP] Check Pods Manifest.lock";
			outputPaths = (
				"$(DERIVED_FILE_DIR)/Pods-NimbusTests-checkManifestLockResult.txt",
			);
			runOnlyForDeploymentPostprocessing = 0;
			shellPath = /bin/sh;
			shellScript = "diff \"${PODS_PODFILE_DIR_PATH}/Podfile.lock\" \"${PODS_ROOT}/Manifest.lock\" > /dev/null\nif [ $? != 0 ] ; then\n    # print error to STDERR\n    echo \"error: The sandbox is not in sync with the Podfile.lock. Run 'pod install' or update your CocoaPods installation.\" >&2\n    exit 1\nfi\n# This output is used by Xcode 'outputs' to avoid re-running this script phase.\necho \"SUCCESS\" > \"${SCRIPT_OUTPUT_FILE_0}\"\n";
			showEnvVarsInLog = 0;
		};
		FAE74F18A89B4867FB656563 /* [CP] Embed Pods Frameworks */ = {
			isa = PBXShellScriptBuildPhase;
			buildActionMask = 2147483647;
			files = (
			);
			inputPaths = (
				"${SRCROOT}/Pods/Target Support Files/Pods-Nimbus/Pods-Nimbus-frameworks.sh",
				"${BUILT_PRODUCTS_DIR}/Alamofire/Alamofire.framework",
				"${BUILT_PRODUCTS_DIR}/IQKeyboardManagerSwift/IQKeyboardManagerSwift.framework",
			);
			name = "[CP] Embed Pods Frameworks";
			outputPaths = (
				"${TARGET_BUILD_DIR}/${FRAMEWORKS_FOLDER_PATH}/Alamofire.framework",
				"${TARGET_BUILD_DIR}/${FRAMEWORKS_FOLDER_PATH}/IQKeyboardManagerSwift.framework",
			);
			runOnlyForDeploymentPostprocessing = 0;
			shellPath = /bin/sh;
			shellScript = "\"${SRCROOT}/Pods/Target Support Files/Pods-Nimbus/Pods-Nimbus-frameworks.sh\"\n";
			showEnvVarsInLog = 0;
		};
/* End PBXShellScriptBuildPhase section */

/* Begin PBXSourcesBuildPhase section */
		2DAB1D6721CE3F4000997D7B /* Sources */ = {
			isa = PBXSourcesBuildPhase;
			buildActionMask = 2147483647;
			files = (
				2DE25290225FB1560099C5EF /* RequestCancellable.swift in Sources */,
				2DE2529C225FB2150099C5EF /* NetworkCallerFactory.swift in Sources */,
				2DE25292225FB1FA0099C5EF /* HeaderFetchable.swift in Sources */,
				2DE252AD225FB3090099C5EF /* NetworkRetrier.swift in Sources */,
				137EBF5721D22FD80082A65F /* Model.swift in Sources */,
				2DE2529B225FB2150099C5EF /* DataExtension.swift in Sources */,
				2DAB1DA121CE407F00997D7B /* HttpMethods.swift in Sources */,
				2DAB1D9F21CE406F00997D7B /* EndPointProtocol.swift in Sources */,
				137EBF4E21D22AE30082A65F /* NetworkResult.swift in Sources */,
				2DE252A1225FB25C0099C5EF /* SessionChecker.swift in Sources */,
				2DE2528D225FAE5D0099C5EF /* EndPointBuilder.swift in Sources */,
				137EBF4721D22A680082A65F /* NetworkRequest.swift in Sources */,
				2DE252A2225FB25C0099C5EF /* Token.swift in Sources */,
				2DE252B3225FB5BB0099C5EF /* StoryBoard.swift in Sources */,
				137EBF5121D22B420082A65F /* NimbusConfigurator.swift in Sources */,
				2DE252A8225FB2C50099C5EF /* RequestManager.swift in Sources */,
				137EBF4B21D22A9C0082A65F /* APIClient.swift in Sources */,
				2DE25299225FB2150099C5EF /* NetworkKeys.swift in Sources */,
				137EBF5521D22DFC0082A65F /* ViewModel.swift in Sources */,
				2DAB1D9D21CE401C00997D7B /* UrlBuilder.swift in Sources */,
				2DE2529A225FB2150099C5EF /* NetworkCallerExtensions.swift in Sources */,
				2DE252AF225FB4BB0099C5EF /* AppCoordinator.swift in Sources */,
				2DAB1D7121CE3F4000997D7B /* ViewController.swift in Sources */,
				2DE2529D225FB2150099C5EF /* ViewControllerUtility.swift in Sources */,
				137EBF4921D22A770082A65F /* NetworkResponse.swift in Sources */,
				2DE252A7225FB2C50099C5EF /* NetWorkError.swift in Sources */,
				2DE252A4225FB2B20099C5EF /* Uploadable.swift in Sources */,
				2DE252AC225FB3090099C5EF /* NetworkAdapter.swift in Sources */,
				137EBF5A21D231810082A65F /* Extensions.swift in Sources */,
				2DAB1DA721CE916F00997D7B /* AppUrls.swift in Sources */,
				2DAB1DA321CE90D900997D7B /* EndPoints.swift in Sources */,
				2DAB1D6F21CE3F4000997D7B /* AppDelegate.swift in Sources */,
				137EBF5321D22B780082A65F /* NimbusSessionManager.swift in Sources */,
			);
			runOnlyForDeploymentPostprocessing = 0;
		};
		2DAB1D7B21CE3F4100997D7B /* Sources */ = {
			isa = PBXSourcesBuildPhase;
			buildActionMask = 2147483647;
			files = (
				2DAB1D8421CE3F4100997D7B /* NimbusTests.swift in Sources */,
			);
			runOnlyForDeploymentPostprocessing = 0;
		};
		2DAB1D8621CE3F4100997D7B /* Sources */ = {
			isa = PBXSourcesBuildPhase;
			buildActionMask = 2147483647;
			files = (
				2DAB1D8F21CE3F4100997D7B /* NimbusUITests.swift in Sources */,
			);
			runOnlyForDeploymentPostprocessing = 0;
		};
/* End PBXSourcesBuildPhase section */

/* Begin PBXTargetDependency section */
		2DAB1D8121CE3F4100997D7B /* PBXTargetDependency */ = {
			isa = PBXTargetDependency;
			target = 2DAB1D6A21CE3F4000997D7B /* Nimbus */;
			targetProxy = 2DAB1D8021CE3F4100997D7B /* PBXContainerItemProxy */;
		};
		2DAB1D8C21CE3F4100997D7B /* PBXTargetDependency */ = {
			isa = PBXTargetDependency;
			target = 2DAB1D6A21CE3F4000997D7B /* Nimbus */;
			targetProxy = 2DAB1D8B21CE3F4100997D7B /* PBXContainerItemProxy */;
		};
/* End PBXTargetDependency section */

/* Begin PBXVariantGroup section */
		2DAB1D7221CE3F4000997D7B /* Test.storyboard */ = {
			isa = PBXVariantGroup;
			children = (
				2DAB1D7321CE3F4000997D7B /* Base */,
			);
			name = Test.storyboard;
			sourceTree = "<group>";
		};
		2DAB1D7721CE3F4100997D7B /* LaunchScreen.storyboard */ = {
			isa = PBXVariantGroup;
			children = (
				2DAB1D7821CE3F4100997D7B /* Base */,
			);
			name = LaunchScreen.storyboard;
			sourceTree = "<group>";
		};
/* End PBXVariantGroup section */

/* Begin XCBuildConfiguration section */
		2DAB1D9121CE3F4100997D7B /* Debug */ = {
			isa = XCBuildConfiguration;
			buildSettings = {
				ALWAYS_SEARCH_USER_PATHS = NO;
				CLANG_ANALYZER_NONNULL = YES;
				CLANG_ANALYZER_NUMBER_OBJECT_CONVERSION = YES_AGGRESSIVE;
				CLANG_CXX_LANGUAGE_STANDARD = "gnu++14";
				CLANG_CXX_LIBRARY = "libc++";
				CLANG_ENABLE_MODULES = YES;
				CLANG_ENABLE_OBJC_ARC = YES;
				CLANG_ENABLE_OBJC_WEAK = YES;
				CLANG_WARN_BLOCK_CAPTURE_AUTORELEASING = YES;
				CLANG_WARN_BOOL_CONVERSION = YES;
				CLANG_WARN_COMMA = YES;
				CLANG_WARN_CONSTANT_CONVERSION = YES;
				CLANG_WARN_DEPRECATED_OBJC_IMPLEMENTATIONS = YES;
				CLANG_WARN_DIRECT_OBJC_ISA_USAGE = YES_ERROR;
				CLANG_WARN_DOCUMENTATION_COMMENTS = YES;
				CLANG_WARN_EMPTY_BODY = YES;
				CLANG_WARN_ENUM_CONVERSION = YES;
				CLANG_WARN_INFINITE_RECURSION = YES;
				CLANG_WARN_INT_CONVERSION = YES;
				CLANG_WARN_NON_LITERAL_NULL_CONVERSION = YES;
				CLANG_WARN_OBJC_IMPLICIT_RETAIN_SELF = YES;
				CLANG_WARN_OBJC_LITERAL_CONVERSION = YES;
				CLANG_WARN_OBJC_ROOT_CLASS = YES_ERROR;
				CLANG_WARN_RANGE_LOOP_ANALYSIS = YES;
				CLANG_WARN_STRICT_PROTOTYPES = YES;
				CLANG_WARN_SUSPICIOUS_MOVE = YES;
				CLANG_WARN_UNGUARDED_AVAILABILITY = YES_AGGRESSIVE;
				CLANG_WARN_UNREACHABLE_CODE = YES;
				CLANG_WARN__DUPLICATE_METHOD_MATCH = YES;
				CODE_SIGN_IDENTITY = "iPhone Developer";
				COPY_PHASE_STRIP = NO;
				DEBUG_INFORMATION_FORMAT = dwarf;
				ENABLE_STRICT_OBJC_MSGSEND = YES;
				ENABLE_TESTABILITY = YES;
				GCC_C_LANGUAGE_STANDARD = gnu11;
				GCC_DYNAMIC_NO_PIC = NO;
				GCC_NO_COMMON_BLOCKS = YES;
				GCC_OPTIMIZATION_LEVEL = 0;
				GCC_PREPROCESSOR_DEFINITIONS = (
					"DEBUG=1",
					"$(inherited)",
				);
				GCC_WARN_64_TO_32_BIT_CONVERSION = YES;
				GCC_WARN_ABOUT_RETURN_TYPE = YES_ERROR;
				GCC_WARN_UNDECLARED_SELECTOR = YES;
				GCC_WARN_UNINITIALIZED_AUTOS = YES_AGGRESSIVE;
				GCC_WARN_UNUSED_FUNCTION = YES;
				GCC_WARN_UNUSED_VARIABLE = YES;
				IPHONEOS_DEPLOYMENT_TARGET = 12.1;
				MTL_ENABLE_DEBUG_INFO = INCLUDE_SOURCE;
				MTL_FAST_MATH = YES;
				ONLY_ACTIVE_ARCH = YES;
				SDKROOT = iphoneos;
				SWIFT_ACTIVE_COMPILATION_CONDITIONS = DEBUG;
				SWIFT_OPTIMIZATION_LEVEL = "-Onone";
			};
			name = Debug;
		};
		2DAB1D9221CE3F4100997D7B /* Release */ = {
			isa = XCBuildConfiguration;
			buildSettings = {
				ALWAYS_SEARCH_USER_PATHS = NO;
				CLANG_ANALYZER_NONNULL = YES;
				CLANG_ANALYZER_NUMBER_OBJECT_CONVERSION = YES_AGGRESSIVE;
				CLANG_CXX_LANGUAGE_STANDARD = "gnu++14";
				CLANG_CXX_LIBRARY = "libc++";
				CLANG_ENABLE_MODULES = YES;
				CLANG_ENABLE_OBJC_ARC = YES;
				CLANG_ENABLE_OBJC_WEAK = YES;
				CLANG_WARN_BLOCK_CAPTURE_AUTORELEASING = YES;
				CLANG_WARN_BOOL_CONVERSION = YES;
				CLANG_WARN_COMMA = YES;
				CLANG_WARN_CONSTANT_CONVERSION = YES;
				CLANG_WARN_DEPRECATED_OBJC_IMPLEMENTATIONS = YES;
				CLANG_WARN_DIRECT_OBJC_ISA_USAGE = YES_ERROR;
				CLANG_WARN_DOCUMENTATION_COMMENTS = YES;
				CLANG_WARN_EMPTY_BODY = YES;
				CLANG_WARN_ENUM_CONVERSION = YES;
				CLANG_WARN_INFINITE_RECURSION = YES;
				CLANG_WARN_INT_CONVERSION = YES;
				CLANG_WARN_NON_LITERAL_NULL_CONVERSION = YES;
				CLANG_WARN_OBJC_IMPLICIT_RETAIN_SELF = YES;
				CLANG_WARN_OBJC_LITERAL_CONVERSION = YES;
				CLANG_WARN_OBJC_ROOT_CLASS = YES_ERROR;
				CLANG_WARN_RANGE_LOOP_ANALYSIS = YES;
				CLANG_WARN_STRICT_PROTOTYPES = YES;
				CLANG_WARN_SUSPICIOUS_MOVE = YES;
				CLANG_WARN_UNGUARDED_AVAILABILITY = YES_AGGRESSIVE;
				CLANG_WARN_UNREACHABLE_CODE = YES;
				CLANG_WARN__DUPLICATE_METHOD_MATCH = YES;
				CODE_SIGN_IDENTITY = "iPhone Developer";
				COPY_PHASE_STRIP = NO;
				DEBUG_INFORMATION_FORMAT = "dwarf-with-dsym";
				ENABLE_NS_ASSERTIONS = NO;
				ENABLE_STRICT_OBJC_MSGSEND = YES;
				GCC_C_LANGUAGE_STANDARD = gnu11;
				GCC_NO_COMMON_BLOCKS = YES;
				GCC_WARN_64_TO_32_BIT_CONVERSION = YES;
				GCC_WARN_ABOUT_RETURN_TYPE = YES_ERROR;
				GCC_WARN_UNDECLARED_SELECTOR = YES;
				GCC_WARN_UNINITIALIZED_AUTOS = YES_AGGRESSIVE;
				GCC_WARN_UNUSED_FUNCTION = YES;
				GCC_WARN_UNUSED_VARIABLE = YES;
				IPHONEOS_DEPLOYMENT_TARGET = 12.1;
				MTL_ENABLE_DEBUG_INFO = NO;
				MTL_FAST_MATH = YES;
				SDKROOT = iphoneos;
				SWIFT_COMPILATION_MODE = wholemodule;
				SWIFT_OPTIMIZATION_LEVEL = "-O";
				VALIDATE_PRODUCT = YES;
			};
			name = Release;
		};
		2DAB1D9421CE3F4100997D7B /* Debug */ = {
			isa = XCBuildConfiguration;
			baseConfigurationReference = 543C0E38CFA2E0636616B0B8 /* Pods-Nimbus.debug.xcconfig */;
			buildSettings = {
				ASSETCATALOG_COMPILER_APPICON_NAME = AppIcon;
				CODE_SIGN_STYLE = Automatic;
				DEVELOPMENT_TEAM = XZ6X2P729Y;
				INFOPLIST_FILE = Nimbus/Info.plist;
				LD_RUNPATH_SEARCH_PATHS = (
					"$(inherited)",
					"@executable_path/Frameworks",
				);
				PRODUCT_BUNDLE_IDENTIFIER = nexusLabs.Nimbus;
				PRODUCT_NAME = "$(TARGET_NAME)";
				SWIFT_VERSION = 4.2;
				TARGETED_DEVICE_FAMILY = "1,2";
			};
			name = Debug;
		};
		2DAB1D9521CE3F4100997D7B /* Release */ = {
			isa = XCBuildConfiguration;
			baseConfigurationReference = 697E22BBD8B3772C95937FB3 /* Pods-Nimbus.release.xcconfig */;
			buildSettings = {
				ASSETCATALOG_COMPILER_APPICON_NAME = AppIcon;
				CODE_SIGN_STYLE = Automatic;
				DEVELOPMENT_TEAM = XZ6X2P729Y;
				INFOPLIST_FILE = Nimbus/Info.plist;
				LD_RUNPATH_SEARCH_PATHS = (
					"$(inherited)",
					"@executable_path/Frameworks",
				);
				PRODUCT_BUNDLE_IDENTIFIER = nexusLabs.Nimbus;
				PRODUCT_NAME = "$(TARGET_NAME)";
				SWIFT_VERSION = 4.2;
				TARGETED_DEVICE_FAMILY = "1,2";
			};
			name = Release;
		};
		2DAB1D9721CE3F4100997D7B /* Debug */ = {
			isa = XCBuildConfiguration;
			baseConfigurationReference = 6ECEC466B689C29BD1CFB6B8 /* Pods-NimbusTests.debug.xcconfig */;
			buildSettings = {
				ALWAYS_EMBED_SWIFT_STANDARD_LIBRARIES = YES;
				BUNDLE_LOADER = "$(TEST_HOST)";
				CODE_SIGN_STYLE = Automatic;
				INFOPLIST_FILE = NimbusTests/Info.plist;
				LD_RUNPATH_SEARCH_PATHS = (
					"$(inherited)",
					"@executable_path/Frameworks",
					"@loader_path/Frameworks",
				);
				PRODUCT_BUNDLE_IDENTIFIER = nexusLabs.NimbusTests;
				PRODUCT_NAME = "$(TARGET_NAME)";
				SWIFT_VERSION = 4.2;
				TARGETED_DEVICE_FAMILY = "1,2";
				TEST_HOST = "$(BUILT_PRODUCTS_DIR)/Nimbus.app/Nimbus";
			};
			name = Debug;
		};
		2DAB1D9821CE3F4100997D7B /* Release */ = {
			isa = XCBuildConfiguration;
			baseConfigurationReference = 46A363B0A70C992657AE3DFB /* Pods-NimbusTests.release.xcconfig */;
			buildSettings = {
				ALWAYS_EMBED_SWIFT_STANDARD_LIBRARIES = YES;
				BUNDLE_LOADER = "$(TEST_HOST)";
				CODE_SIGN_STYLE = Automatic;
				INFOPLIST_FILE = NimbusTests/Info.plist;
				LD_RUNPATH_SEARCH_PATHS = (
					"$(inherited)",
					"@executable_path/Frameworks",
					"@loader_path/Frameworks",
				);
				PRODUCT_BUNDLE_IDENTIFIER = nexusLabs.NimbusTests;
				PRODUCT_NAME = "$(TARGET_NAME)";
				SWIFT_VERSION = 4.2;
				TARGETED_DEVICE_FAMILY = "1,2";
				TEST_HOST = "$(BUILT_PRODUCTS_DIR)/Nimbus.app/Nimbus";
			};
			name = Release;
		};
		2DAB1D9A21CE3F4100997D7B /* Debug */ = {
			isa = XCBuildConfiguration;
			baseConfigurationReference = 7F550AB0ED10F660D9B41F9D /* Pods-NimbusUITests.debug.xcconfig */;
			buildSettings = {
				ALWAYS_EMBED_SWIFT_STANDARD_LIBRARIES = YES;
				CODE_SIGN_STYLE = Automatic;
				INFOPLIST_FILE = NimbusUITests/Info.plist;
				LD_RUNPATH_SEARCH_PATHS = (
					"$(inherited)",
					"@executable_path/Frameworks",
					"@loader_path/Frameworks",
				);
				PRODUCT_BUNDLE_IDENTIFIER = nexusLabs.NimbusUITests;
				PRODUCT_NAME = "$(TARGET_NAME)";
				SWIFT_VERSION = 4.2;
				TARGETED_DEVICE_FAMILY = "1,2";
				TEST_TARGET_NAME = Nimbus;
			};
			name = Debug;
		};
		2DAB1D9B21CE3F4100997D7B /* Release */ = {
			isa = XCBuildConfiguration;
			baseConfigurationReference = E4ED348B9C3E1F678604F841 /* Pods-NimbusUITests.release.xcconfig */;
			buildSettings = {
				ALWAYS_EMBED_SWIFT_STANDARD_LIBRARIES = YES;
				CODE_SIGN_STYLE = Automatic;
				INFOPLIST_FILE = NimbusUITests/Info.plist;
				LD_RUNPATH_SEARCH_PATHS = (
					"$(inherited)",
					"@executable_path/Frameworks",
					"@loader_path/Frameworks",
				);
				PRODUCT_BUNDLE_IDENTIFIER = nexusLabs.NimbusUITests;
				PRODUCT_NAME = "$(TARGET_NAME)";
				SWIFT_VERSION = 4.2;
				TARGETED_DEVICE_FAMILY = "1,2";
				TEST_TARGET_NAME = Nimbus;
			};
			name = Release;
		};
/* End XCBuildConfiguration section */

/* Begin XCConfigurationList section */
		2DAB1D6621CE3F4000997D7B /* Build configuration list for PBXProject "Nimbus" */ = {
			isa = XCConfigurationList;
			buildConfigurations = (
				2DAB1D9121CE3F4100997D7B /* Debug */,
				2DAB1D9221CE3F4100997D7B /* Release */,
			);
			defaultConfigurationIsVisible = 0;
			defaultConfigurationName = Release;
		};
		2DAB1D9321CE3F4100997D7B /* Build configuration list for PBXNativeTarget "Nimbus" */ = {
			isa = XCConfigurationList;
			buildConfigurations = (
				2DAB1D9421CE3F4100997D7B /* Debug */,
				2DAB1D9521CE3F4100997D7B /* Release */,
			);
			defaultConfigurationIsVisible = 0;
			defaultConfigurationName = Release;
		};
		2DAB1D9621CE3F4100997D7B /* Build configuration list for PBXNativeTarget "NimbusTests" */ = {
			isa = XCConfigurationList;
			buildConfigurations = (
				2DAB1D9721CE3F4100997D7B /* Debug */,
				2DAB1D9821CE3F4100997D7B /* Release */,
			);
			defaultConfigurationIsVisible = 0;
			defaultConfigurationName = Release;
		};
		2DAB1D9921CE3F4100997D7B /* Build configuration list for PBXNativeTarget "NimbusUITests" */ = {
			isa = XCConfigurationList;
			buildConfigurations = (
				2DAB1D9A21CE3F4100997D7B /* Debug */,
				2DAB1D9B21CE3F4100997D7B /* Release */,
			);
			defaultConfigurationIsVisible = 0;
			defaultConfigurationName = Release;
		};
/* End XCConfigurationList section */
	};
	rootObject = 2DAB1D6321CE3F4000997D7B /* Project object */;
}
